
Microsoft Visual Studio Solution File, Format Version 12.00
# Visual Studio 15
VisualStudioVersion = 15.0.27130.2036
MinimumVisualStudioVersion = 10.0.40219.1
Project("{FAE04EC0-301F-11D3-BF4B-00C04F79EFBC}") = "VideoEffectTest.Uwp", "VideoEffectTest.Uwp\VideoEffectTest.Uwp.csproj", "{C668B860-F9A2-42F7-BA57-B42DAEECC993}"
EndProject
Project("{FAE04EC0-301F-11D3-BF4B-00C04F79EFBC}") = "VideoEffectTest.Effects", "VideoEffectTest.Effects\VideoEffectTest.Effects.csproj", "{EC6125B0-D6A9-44CB-9707-DBC1403CD133}"
EndProject
Global
	GlobalSection(SolutionConfigurationPlatforms) = preSolution
		Debug|Any CPU = Debug|Any CPU
		Debug|ARM = Debug|ARM
		Debug|x64 = Debug|x64
		Debug|x86 = Debug|x86
		Release|Any CPU = Release|Any CPU
		Release|ARM = Release|ARM
		Release|x64 = Release|x64
		Release|x86 = Release|x86
	EndGlobalSection
	GlobalSection(ProjectConfigurationPlatforms) = postSolution
		{C668B860-F9A2-42F7-BA57-B42DAEECC993}.Debug|Any CPU.ActiveCfg = Debug|x86
		{C668B860-F9A2-42F7-BA57-B42DAEECC993}.Debug|ARM.ActiveCfg = Debug|ARM
		{C668B860-F9A2-42F7-BA57-B42DAEECC993}.Debug|ARM.Build.0 = Debug|ARM
		{C668B860-F9A2-42F7-BA57-B42DAEECC993}.Debug|ARM.Deploy.0 = Debug|ARM
		{C668B860-F9A2-42F7-BA57-B42DAEECC993}.Debug|x64.ActiveCfg = Debug|x64
		{C668B860-F9A2-42F7-BA57-B42DAEECC993}.Debug|x64.Build.0 = Debug|x64
		{C668B860-F9A2-42F7-BA57-B42DAEECC993}.Debug|x64.Deploy.0 = Debug|x64
		{C668B860-F9A2-42F7-BA57-B42DAEECC993}.Debug|x86.ActiveCfg = Debug|x86
		{C668B860-F9A2-42F7-BA57-B42DAEECC993}.Debug|x86.Build.0 = Debug|x86
		{C668B860-F9A2-42F7-BA57-B42DAEECC993}.Debug|x86.Deploy.0 = Debug|x86
		{C668B860-F9A2-42F7-BA57-B42DAEECC993}.Release|Any CPU.ActiveCfg = Release|x86
		{C668B860-F9A2-42F7-BA57-B42DAEECC993}.Release|ARM.ActiveCfg = Release|ARM
		{C668B860-F9A2-42F7-BA57-B42DAEECC993}.Release|ARM.Build.0 = Release|ARM
		{C668B860-F9A2-42F7-BA57-B42DAEECC993}.Release|ARM.Deploy.0 = Release|ARM
		{C668B860-F9A2-42F7-BA57-B42DAEECC993}.Release|x64.ActiveCfg = Release|x64
		{C668B860-F9A2-42F7-BA57-B42DAEECC993}.Release|x64.Build.0 = Release|x64
		{C668B860-F9A2-42F7-BA57-B42DAEECC993}.Release|x64.Deploy.0 = Release|x64
		{C668B860-F9A2-42F7-BA57-B42DAEECC993}.Release|x86.ActiveCfg = Release|x86
		{C668B860-F9A2-42F7-BA57-B42DAEECC993}.Release|x86.Build.0 = Release|x86
		{C668B860-F9A2-42F7-BA57-B42DAEECC993}.Release|x86.Deploy.0 = Release|x86
		{EC6125B0-D6A9-44CB-9707-DBC1403CD133}.Debug|Any CPU.ActiveCfg = Debug|Any CPU
		{EC6125B0-D6A9-44CB-9707-DBC1403CD133}.Debug|Any CPU.Build.0 = Debug|Any CPU
		{EC6125B0-D6A9-44CB-9707-DBC1403CD133}.Debug|ARM.ActiveCfg = Debug|ARM
		{EC6125B0-D6A9-44CB-9707-DBC1403CD133}.Debug|ARM.Build.0 = Debug|ARM
		{EC6125B0-D6A9-44CB-9707-DBC1403CD133}.Debug|x64.ActiveCfg = Debug|x64
		{EC6125B0-D6A9-44CB-9707-DBC1403CD133}.Debug|x64.Build.0 = Debug|x64
		{EC6125B0-D6A9-44CB-9707-DBC1403CD133}.Debug|x86.ActiveCfg = Debug|x86
		{EC6125B0-D6A9-44CB-9707-DBC1403CD133}.Debug|x86.Build.0 = Debug|x86
		{EC6125B0-D6A9-44CB-9707-DBC1403CD133}.Release|Any CPU.ActiveCfg = Release|Any CPU
		{EC6125B0-D6A9-44CB-9707-DBC1403CD133}.Release|Any CPU.Build.0 = Release|Any CPU
		{EC6125B0-D6A9-44CB-9707-DBC1403CD133}.Release|ARM.ActiveCfg = Release|ARM
		{EC6125B0-D6A9-44CB-9707-DBC1403CD133}.Release|ARM.Build.0 = Release|ARM
		{EC6125B0-D6A9-44CB-9707-DBC1403CD133}.Release|x64.ActiveCfg = Release|x64
		{EC6125B0-D6A9-44CB-9707-DBC1403CD133}.Release|x64.Build.0 = Release|x64
		{EC6125B0-D6A9-44CB-9707-DBC1403CD133}.Release|x86.ActiveCfg = Release|x86
		{EC6125B0-D6A9-44CB-9707-DBC1403CD133}.Release|x86.Build.0 = Release|x86
	EndGlobalSection
	GlobalSection(SolutionProperties) = preSolution
		HideSolutionNode = FALSE
	EndGlobalSection
	GlobalSection(ExtensibilityGlobals) = postSolution
		SolutionGuid = {C64CBFF5-2DFF-4522-8DD9-36E0F3FB0BDB}
	EndGlobalSection
EndGlobal
